
Microsoft Visual Studio Solution File, Format Version 12.00
# Visual Studio Version 17
VisualStudioVersion = 17.0.31919.166
MinimumVisualStudioVersion = 10.0.40219.1
Project("{9A19103F-16F7-4668-BE54-9A1E7A4F7556}") = "BilgeAdam.Sql.Console", "BilgeAdam.Sql.Console\BilgeAdam.Sql.Console.csproj", "{75A81747-2347-4239-8A64-44CBDFEA74CF}"
EndProject
Project("{9A19103F-16F7-4668-BE54-9A1E7A4F7556}") = "BilgeAdam.Sql.WinApp", "BilgeAdam.Sql.WinApp\BilgeAdam.Sql.WinApp.csproj", "{5EA313FE-E00F-4283-833A-39237B538431}"
EndProject
Project("{2150E333-8FDC-42A3-9474-1A3956D46DE8}") = "01", "01", "{E0392C5C-5F47-4F03-8A94-CE461D4F1A38}"
EndProject
Project("{2150E333-8FDC-42A3-9474-1A3956D46DE8}") = "02", "02", "{35922E21-14FF-493C-ACA6-9E6BB667F8E6}"
EndProject
Project("{9A19103F-16F7-4668-BE54-9A1E7A4F7556}") = "BilgeAdam.ADONET.Select", "BilgeAdam.ADONET.Select\BilgeAdam.ADONET.Select.csproj", "{4D6FDCB6-B388-42D8-938A-218A1ED2F1CE}"
EndProject
Project("{9A19103F-16F7-4668-BE54-9A1E7A4F7556}") = "Sample.Delegates", "Sample.Delegates\Sample.Delegates.csproj", "{BC124129-A563-46D2-B9F3-0464BEB02D55}"
EndProject
Project("{9A19103F-16F7-4668-BE54-9A1E7A4F7556}") = "PrivateProject", "PrivateProject\PrivateProject.csproj", "{AD95BF7D-CF33-438D-BEC9-6E3AD1C9AA9B}"
EndProject
Project("{2150E333-8FDC-42A3-9474-1A3956D46DE8}") = "03", "03", "{36DFDF99-8E02-45C6-8AB4-7C36A93972AC}"
EndProject
Project("{9A19103F-16F7-4668-BE54-9A1E7A4F7556}") = "BilgeAdam.Sql.ThirdParty", "BilgeAdam.Sql.ThirdParty\BilgeAdam.Sql.ThirdParty.csproj", "{C4F1213B-E66E-4564-BF8F-57596A01ABC8}"
EndProject
Project("{2150E333-8FDC-42A3-9474-1A3956D46DE8}") = "04", "04", "{90DD4C12-CD80-4AF4-8EE9-037E23354C84}"
EndProject
Project("{9A19103F-16F7-4668-BE54-9A1E7A4F7556}") = "BilgeAdam.EF", "BilgeAdam.EF\BilgeAdam.EF.csproj", "{4E3F8BEF-1B7E-48E4-8D4C-D75173D6D2C2}"
EndProject
Project("{9A19103F-16F7-4668-BE54-9A1E7A4F7556}") = "BilgeAdam.EF.Common", "BilgeAdam.EF.Common\BilgeAdam.EF.Common.csproj", "{AD59FFA0-8017-4EA3-8FBA-CED471116EF7}"
EndProject
Project("{9A19103F-16F7-4668-BE54-9A1E7A4F7556}") = "BilgeAdam.EF.WinApp", "BilgeAdam.EF.WinApp\BilgeAdam.EF.WinApp.csproj", "{CE163935-3B8B-47CA-848F-236F11981D51}"
EndProject
Project("{9A19103F-16F7-4668-BE54-9A1E7A4F7556}") = "LinqExpressions", "LinqExpressions\LinqExpressions.csproj", "{EA61D51A-5CA8-405F-8AD0-3C81741D0E58}"
EndProject
Project("{2150E333-8FDC-42A3-9474-1A3956D46DE8}") = "05", "05", "{C6005987-C4F6-4996-B5D1-7FA75D9BB416}"
EndProject
Project("{2150E333-8FDC-42A3-9474-1A3956D46DE8}") = "application", "application", "{C8F790F0-644D-4D24-B41B-B9731394AF10}"
EndProject
Project("{2150E333-8FDC-42A3-9474-1A3956D46DE8}") = "data", "data", "{9CEFFE99-9DB4-4917-A2E4-DAA1787AEF2B}"
EndProject
Project("{2150E333-8FDC-42A3-9474-1A3956D46DE8}") = "common", "common", "{4D627676-C3B3-4C75-9C90-45D60BD8AB90}"
EndProject
Project("{9A19103F-16F7-4668-BE54-9A1E7A4F7556}") = "Tratel.EndUser", "Tratel.EndUser\Tratel.EndUser.csproj", "{B9E53556-9505-4107-A43A-87CED28651FA}"
EndProject
Project("{9A19103F-16F7-4668-BE54-9A1E7A4F7556}") = "Tratel.Data", "Tratel.Data\Tratel.Data.csproj", "{F0067B6F-5745-425A-ACB9-4B22A4196ED5}"
EndProject
Project("{9A19103F-16F7-4668-BE54-9A1E7A4F7556}") = "Tratel.Entities", "Tratel.Entities\Tratel.Entities.csproj", "{B1D7796C-D81D-41CD-B197-7371E50A3E54}"
EndProject
Project("{9A19103F-16F7-4668-BE54-9A1E7A4F7556}") = "Tratel.Contracts", "Tratel.Contracts\Tratel.Contracts.csproj", "{8BEB9702-30E8-484D-BA05-A136CB0D1A4C}"
EndProject
Project("{9A19103F-16F7-4668-BE54-9A1E7A4F7556}") = "Tratel.Common", "Tratel.Common\Tratel.Common.csproj", "{5BFAC331-EFC0-4140-B1E6-71E484109A3A}"
EndProject
Project("{2150E333-8FDC-42A3-9474-1A3956D46DE8}") = "tests", "tests", "{71C2E05F-F9AE-4B89-AA69-2DEAC8DE0631}"
EndProject
Project("{9A19103F-16F7-4668-BE54-9A1E7A4F7556}") = "Tratel.Tests", "Tratel.Tests\Tratel.Tests.csproj", "{9DF5C109-CE24-4BBC-81A0-0E34DD942FA9}"
EndProject
Project("{2150E333-8FDC-42A3-9474-1A3956D46DE8}") = "domain", "domain", "{6299942D-3CDD-42E0-87F0-F1CF98E63236}"
EndProject
Project("{9A19103F-16F7-4668-BE54-9A1E7A4F7556}") = "Tratel.Integrations.Sms", "Tratel.Integrations.Sms\Tratel.Integrations.Sms.csproj", "{198C2300-C39E-4A31-AECA-B50E6EFF6E25}"
EndProject
Project("{9A19103F-16F7-4668-BE54-9A1E7A4F7556}") = "Tratel.Integrations.Mail", "Tratel.Integrations.Mail\Tratel.Integrations.Mail.csproj", "{4A9AA63C-B2AB-4839-B9FD-ED03A393C156}"
EndProject
Project("{2150E333-8FDC-42A3-9474-1A3956D46DE8}") = "services", "services", "{89F9067F-9F13-42EC-A4A7-93D1709AEBC2}"
EndProject
Project("{FAE04EC0-301F-11D3-BF4B-00C04F79EFBC}") = "Tratel.Common.Services", "Tratel.Common.Services\Tratel.Common.Services.csproj", "{38BA8303-8E52-45B1-A10A-090B958EADA5}"
EndProject
Global
	GlobalSection(SolutionConfigurationPlatforms) = preSolution
		Debug|Any CPU = Debug|Any CPU
		Release|Any CPU = Release|Any CPU
	EndGlobalSection
	GlobalSection(ProjectConfigurationPlatforms) = postSolution
		{75A81747-2347-4239-8A64-44CBDFEA74CF}.Debug|Any CPU.ActiveCfg = Debug|Any CPU
		{75A81747-2347-4239-8A64-44CBDFEA74CF}.Debug|Any CPU.Build.0 = Debug|Any CPU
		{75A81747-2347-4239-8A64-44CBDFEA74CF}.Release|Any CPU.ActiveCfg = Release|Any CPU
		{75A81747-2347-4239-8A64-44CBDFEA74CF}.Release|Any CPU.Build.0 = Release|Any CPU
		{5EA313FE-E00F-4283-833A-39237B538431}.Debug|Any CPU.ActiveCfg = Debug|Any CPU
		{5EA313FE-E00F-4283-833A-39237B538431}.Debug|Any CPU.Build.0 = Debug|Any CPU
		{5EA313FE-E00F-4283-833A-39237B538431}.Release|Any CPU.ActiveCfg = Release|Any CPU
		{5EA313FE-E00F-4283-833A-39237B538431}.Release|Any CPU.Build.0 = Release|Any CPU
		{4D6FDCB6-B388-42D8-938A-218A1ED2F1CE}.Debug|Any CPU.ActiveCfg = Debug|Any CPU
		{4D6FDCB6-B388-42D8-938A-218A1ED2F1CE}.Debug|Any CPU.Build.0 = Debug|Any CPU
		{4D6FDCB6-B388-42D8-938A-218A1ED2F1CE}.Release|Any CPU.ActiveCfg = Release|Any CPU
		{4D6FDCB6-B388-42D8-938A-218A1ED2F1CE}.Release|Any CPU.Build.0 = Release|Any CPU
		{BC124129-A563-46D2-B9F3-0464BEB02D55}.Debug|Any CPU.ActiveCfg = Debug|Any CPU
		{BC124129-A563-46D2-B9F3-0464BEB02D55}.Debug|Any CPU.Build.0 = Debug|Any CPU
		{BC124129-A563-46D2-B9F3-0464BEB02D55}.Release|Any CPU.ActiveCfg = Release|Any CPU
		{BC124129-A563-46D2-B9F3-0464BEB02D55}.Release|Any CPU.Build.0 = Release|Any CPU
		{AD95BF7D-CF33-438D-BEC9-6E3AD1C9AA9B}.Debug|Any CPU.ActiveCfg = Debug|Any CPU
		{AD95BF7D-CF33-438D-BEC9-6E3AD1C9AA9B}.Debug|Any CPU.Build.0 = Debug|Any CPU
		{AD95BF7D-CF33-438D-BEC9-6E3AD1C9AA9B}.Release|Any CPU.ActiveCfg = Release|Any CPU
		{AD95BF7D-CF33-438D-BEC9-6E3AD1C9AA9B}.Release|Any CPU.Build.0 = Release|Any CPU
		{C4F1213B-E66E-4564-BF8F-57596A01ABC8}.Debug|Any CPU.ActiveCfg = Debug|Any CPU
		{C4F1213B-E66E-4564-BF8F-57596A01ABC8}.Debug|Any CPU.Build.0 = Debug|Any CPU
		{C4F1213B-E66E-4564-BF8F-57596A01ABC8}.Release|Any CPU.ActiveCfg = Release|Any CPU
		{C4F1213B-E66E-4564-BF8F-57596A01ABC8}.Release|Any CPU.Build.0 = Release|Any CPU
		{4E3F8BEF-1B7E-48E4-8D4C-D75173D6D2C2}.Debug|Any CPU.ActiveCfg = Debug|Any CPU
		{4E3F8BEF-1B7E-48E4-8D4C-D75173D6D2C2}.Debug|Any CPU.Build.0 = Debug|Any CPU
		{4E3F8BEF-1B7E-48E4-8D4C-D75173D6D2C2}.Release|Any CPU.ActiveCfg = Release|Any CPU
		{4E3F8BEF-1B7E-48E4-8D4C-D75173D6D2C2}.Release|Any CPU.Build.0 = Release|Any CPU
		{AD59FFA0-8017-4EA3-8FBA-CED471116EF7}.Debug|Any CPU.ActiveCfg = Debug|Any CPU
		{AD59FFA0-8017-4EA3-8FBA-CED471116EF7}.Debug|Any CPU.Build.0 = Debug|Any CPU
		{AD59FFA0-8017-4EA3-8FBA-CED471116EF7}.Release|Any CPU.ActiveCfg = Release|Any CPU
		{AD59FFA0-8017-4EA3-8FBA-CED471116EF7}.Release|Any CPU.Build.0 = Release|Any CPU
		{CE163935-3B8B-47CA-848F-236F11981D51}.Debug|Any CPU.ActiveCfg = Debug|Any CPU
		{CE163935-3B8B-47CA-848F-236F11981D51}.Debug|Any CPU.Build.0 = Debug|Any CPU
		{CE163935-3B8B-47CA-848F-236F11981D51}.Release|Any CPU.ActiveCfg = Release|Any CPU
		{CE163935-3B8B-47CA-848F-236F11981D51}.Release|Any CPU.Build.0 = Release|Any CPU
		{EA61D51A-5CA8-405F-8AD0-3C81741D0E58}.Debug|Any CPU.ActiveCfg = Debug|Any CPU
		{EA61D51A-5CA8-405F-8AD0-3C81741D0E58}.Debug|Any CPU.Build.0 = Debug|Any CPU
		{EA61D51A-5CA8-405F-8AD0-3C81741D0E58}.Release|Any CPU.ActiveCfg = Release|Any CPU
		{EA61D51A-5CA8-405F-8AD0-3C81741D0E58}.Release|Any CPU.Build.0 = Release|Any CPU
		{B9E53556-9505-4107-A43A-87CED28651FA}.Debug|Any CPU.ActiveCfg = Debug|Any CPU
		{B9E53556-9505-4107-A43A-87CED28651FA}.Debug|Any CPU.Build.0 = Debug|Any CPU
		{B9E53556-9505-4107-A43A-87CED28651FA}.Release|Any CPU.ActiveCfg = Release|Any CPU
		{B9E53556-9505-4107-A43A-87CED28651FA}.Release|Any CPU.Build.0 = Release|Any CPU
		{F0067B6F-5745-425A-ACB9-4B22A4196ED5}.Debug|Any CPU.ActiveCfg = Debug|Any CPU
		{F0067B6F-5745-425A-ACB9-4B22A4196ED5}.Debug|Any CPU.Build.0 = Debug|Any CPU
		{F0067B6F-5745-425A-ACB9-4B22A4196ED5}.Release|Any CPU.ActiveCfg = Release|Any CPU
		{F0067B6F-5745-425A-ACB9-4B22A4196ED5}.Release|Any CPU.Build.0 = Release|Any CPU
		{B1D7796C-D81D-41CD-B197-7371E50A3E54}.Debug|Any CPU.ActiveCfg = Debug|Any CPU
		{B1D7796C-D81D-41CD-B197-7371E50A3E54}.Debug|Any CPU.Build.0 = Debug|Any CPU
		{B1D7796C-D81D-41CD-B197-7371E50A3E54}.Release|Any CPU.ActiveCfg = Release|Any CPU
		{B1D7796C-D81D-41CD-B197-7371E50A3E54}.Release|Any CPU.Build.0 = Release|Any CPU
		{8BEB9702-30E8-484D-BA05-A136CB0D1A4C}.Debug|Any CPU.ActiveCfg = Debug|Any CPU
		{8BEB9702-30E8-484D-BA05-A136CB0D1A4C}.Debug|Any CPU.Build.0 = Debug|Any CPU
		{8BEB9702-30E8-484D-BA05-A136CB0D1A4C}.Release|Any CPU.ActiveCfg = Release|Any CPU
		{8BEB9702-30E8-484D-BA05-A136CB0D1A4C}.Release|Any CPU.Build.0 = Release|Any CPU
		{5BFAC331-EFC0-4140-B1E6-71E484109A3A}.Debug|Any CPU.ActiveCfg = Debug|Any CPU
		{5BFAC331-EFC0-4140-B1E6-71E484109A3A}.Debug|Any CPU.Build.0 = Debug|Any CPU
		{5BFAC331-EFC0-4140-B1E6-71E484109A3A}.Release|Any CPU.ActiveCfg = Release|Any CPU
		{5BFAC331-EFC0-4140-B1E6-71E484109A3A}.Release|Any CPU.Build.0 = Release|Any CPU
		{9DF5C109-CE24-4BBC-81A0-0E34DD942FA9}.Debug|Any CPU.ActiveCfg = Debug|Any CPU
		{9DF5C109-CE24-4BBC-81A0-0E34DD942FA9}.Debug|Any CPU.Build.0 = Debug|Any CPU
		{9DF5C109-CE24-4BBC-81A0-0E34DD942FA9}.Release|Any CPU.ActiveCfg = Release|Any CPU
		{9DF5C109-CE24-4BBC-81A0-0E34DD942FA9}.Release|Any CPU.Build.0 = Release|Any CPU
		{198C2300-C39E-4A31-AECA-B50E6EFF6E25}.Debug|Any CPU.ActiveCfg = Debug|Any CPU
		{198C2300-C39E-4A31-AECA-B50E6EFF6E25}.Debug|Any CPU.Build.0 = Debug|Any CPU
		{198C2300-C39E-4A31-AECA-B50E6EFF6E25}.Release|Any CPU.ActiveCfg = Release|Any CPU
		{198C2300-C39E-4A31-AECA-B50E6EFF6E25}.Release|Any CPU.Build.0 = Release|Any CPU
		{4A9AA63C-B2AB-4839-B9FD-ED03A393C156}.Debug|Any CPU.ActiveCfg = Debug|Any CPU
		{4A9AA63C-B2AB-4839-B9FD-ED03A393C156}.Debug|Any CPU.Build.0 = Debug|Any CPU
		{4A9AA63C-B2AB-4839-B9FD-ED03A393C156}.Release|Any CPU.ActiveCfg = Release|Any CPU
		{4A9AA63C-B2AB-4839-B9FD-ED03A393C156}.Release|Any CPU.Build.0 = Release|Any CPU
		{38BA8303-8E52-45B1-A10A-090B958EADA5}.Debug|Any CPU.ActiveCfg = Debug|Any CPU
		{38BA8303-8E52-45B1-A10A-090B958EADA5}.Debug|Any CPU.Build.0 = Debug|Any CPU
		{38BA8303-8E52-45B1-A10A-090B958EADA5}.Release|Any CPU.ActiveCfg = Release|Any CPU
		{38BA8303-8E52-45B1-A10A-090B958EADA5}.Release|Any CPU.Build.0 = Release|Any CPU
	EndGlobalSection
	GlobalSection(SolutionProperties) = preSolution
		HideSolutionNode = FALSE
	EndGlobalSection
	GlobalSection(NestedProjects) = preSolution
		{75A81747-2347-4239-8A64-44CBDFEA74CF} = {E0392C5C-5F47-4F03-8A94-CE461D4F1A38}
		{5EA313FE-E00F-4283-833A-39237B538431} = {E0392C5C-5F47-4F03-8A94-CE461D4F1A38}
		{4D6FDCB6-B388-42D8-938A-218A1ED2F1CE} = {35922E21-14FF-493C-ACA6-9E6BB667F8E6}
		{BC124129-A563-46D2-B9F3-0464BEB02D55} = {35922E21-14FF-493C-ACA6-9E6BB667F8E6}
		{AD95BF7D-CF33-438D-BEC9-6E3AD1C9AA9B} = {35922E21-14FF-493C-ACA6-9E6BB667F8E6}
		{C4F1213B-E66E-4564-BF8F-57596A01ABC8} = {36DFDF99-8E02-45C6-8AB4-7C36A93972AC}
		{4E3F8BEF-1B7E-48E4-8D4C-D75173D6D2C2} = {90DD4C12-CD80-4AF4-8EE9-037E23354C84}
		{AD59FFA0-8017-4EA3-8FBA-CED471116EF7} = {90DD4C12-CD80-4AF4-8EE9-037E23354C84}
		{CE163935-3B8B-47CA-848F-236F11981D51} = {90DD4C12-CD80-4AF4-8EE9-037E23354C84}
		{EA61D51A-5CA8-405F-8AD0-3C81741D0E58} = {90DD4C12-CD80-4AF4-8EE9-037E23354C84}
		{C8F790F0-644D-4D24-B41B-B9731394AF10} = {C6005987-C4F6-4996-B5D1-7FA75D9BB416}
		{9CEFFE99-9DB4-4917-A2E4-DAA1787AEF2B} = {C6005987-C4F6-4996-B5D1-7FA75D9BB416}
		{4D627676-C3B3-4C75-9C90-45D60BD8AB90} = {C6005987-C4F6-4996-B5D1-7FA75D9BB416}
		{B9E53556-9505-4107-A43A-87CED28651FA} = {C8F790F0-644D-4D24-B41B-B9731394AF10}
		{F0067B6F-5745-425A-ACB9-4B22A4196ED5} = {9CEFFE99-9DB4-4917-A2E4-DAA1787AEF2B}
		{B1D7796C-D81D-41CD-B197-7371E50A3E54} = {9CEFFE99-9DB4-4917-A2E4-DAA1787AEF2B}
		{8BEB9702-30E8-484D-BA05-A136CB0D1A4C} = {4D627676-C3B3-4C75-9C90-45D60BD8AB90}
		{5BFAC331-EFC0-4140-B1E6-71E484109A3A} = {4D627676-C3B3-4C75-9C90-45D60BD8AB90}
		{71C2E05F-F9AE-4B89-AA69-2DEAC8DE0631} = {C6005987-C4F6-4996-B5D1-7FA75D9BB416}
		{9DF5C109-CE24-4BBC-81A0-0E34DD942FA9} = {71C2E05F-F9AE-4B89-AA69-2DEAC8DE0631}
		{6299942D-3CDD-42E0-87F0-F1CF98E63236} = {C6005987-C4F6-4996-B5D1-7FA75D9BB416}
		{198C2300-C39E-4A31-AECA-B50E6EFF6E25} = {6299942D-3CDD-42E0-87F0-F1CF98E63236}
		{4A9AA63C-B2AB-4839-B9FD-ED03A393C156} = {6299942D-3CDD-42E0-87F0-F1CF98E63236}
		{89F9067F-9F13-42EC-A4A7-93D1709AEBC2} = {C6005987-C4F6-4996-B5D1-7FA75D9BB416}
		{38BA8303-8E52-45B1-A10A-090B958EADA5} = {89F9067F-9F13-42EC-A4A7-93D1709AEBC2}
	EndGlobalSection
	GlobalSection(ExtensibilityGlobals) = postSolution
		SolutionGuid = {593AF392-1DBF-4C29-8F05-03E8E682D301}
	EndGlobalSection
EndGlobal
