
Microsoft Visual Studio Solution File, Format Version 12.00
# Visual Studio Version 17
VisualStudioVersion = 17.0.31919.166
MinimumVisualStudioVersion = 10.0.40219.1
Project("{9A19103F-16F7-4668-BE54-9A1E7A4F7556}") = "BilgeAdam.Sql.Console", "BilgeAdam.Sql.Console\BilgeAdam.Sql.Console.csproj", "{75A81747-2347-4239-8A64-44CBDFEA74CF}"
EndProject
Project("{9A19103F-16F7-4668-BE54-9A1E7A4F7556}") = "BilgeAdam.Sql.WinApp", "BilgeAdam.Sql.WinApp\BilgeAdam.Sql.WinApp.csproj", "{5EA313FE-E00F-4283-833A-39237B538431}"
EndProject
Project("{2150E333-8FDC-42A3-9474-1A3956D46DE8}") = "01", "01", "{E0392C5C-5F47-4F03-8A94-CE461D4F1A38}"
EndProject
Project("{2150E333-8FDC-42A3-9474-1A3956D46DE8}") = "02", "02", "{35922E21-14FF-493C-ACA6-9E6BB667F8E6}"
EndProject
Project("{9A19103F-16F7-4668-BE54-9A1E7A4F7556}") = "BilgeAdam.ADONET.Select", "BilgeAdam.ADONET.Select\BilgeAdam.ADONET.Select.csproj", "{4D6FDCB6-B388-42D8-938A-218A1ED2F1CE}"
EndProject
Project("{9A19103F-16F7-4668-BE54-9A1E7A4F7556}") = "Sample.Delegates", "Sample.Delegates\Sample.Delegates.csproj", "{BC124129-A563-46D2-B9F3-0464BEB02D55}"
EndProject
Project("{9A19103F-16F7-4668-BE54-9A1E7A4F7556}") = "PrivateProject", "PrivateProject\PrivateProject.csproj", "{AD95BF7D-CF33-438D-BEC9-6E3AD1C9AA9B}"
EndProject
Project("{2150E333-8FDC-42A3-9474-1A3956D46DE8}") = "03", "03", "{36DFDF99-8E02-45C6-8AB4-7C36A93972AC}"
EndProject
Project("{9A19103F-16F7-4668-BE54-9A1E7A4F7556}") = "BilgeAdam.Sql.ThirdParty", "BilgeAdam.Sql.ThirdParty\BilgeAdam.Sql.ThirdParty.csproj", "{C4F1213B-E66E-4564-BF8F-57596A01ABC8}"
EndProject
Global
	GlobalSection(SolutionConfigurationPlatforms) = preSolution
		Debug|Any CPU = Debug|Any CPU
		Release|Any CPU = Release|Any CPU
	EndGlobalSection
	GlobalSection(ProjectConfigurationPlatforms) = postSolution
		{75A81747-2347-4239-8A64-44CBDFEA74CF}.Debug|Any CPU.ActiveCfg = Debug|Any CPU
		{75A81747-2347-4239-8A64-44CBDFEA74CF}.Debug|Any CPU.Build.0 = Debug|Any CPU
		{75A81747-2347-4239-8A64-44CBDFEA74CF}.Release|Any CPU.ActiveCfg = Release|Any CPU
		{75A81747-2347-4239-8A64-44CBDFEA74CF}.Release|Any CPU.Build.0 = Release|Any CPU
		{5EA313FE-E00F-4283-833A-39237B538431}.Debug|Any CPU.ActiveCfg = Debug|Any CPU
		{5EA313FE-E00F-4283-833A-39237B538431}.Debug|Any CPU.Build.0 = Debug|Any CPU
		{5EA313FE-E00F-4283-833A-39237B538431}.Release|Any CPU.ActiveCfg = Release|Any CPU
		{5EA313FE-E00F-4283-833A-39237B538431}.Release|Any CPU.Build.0 = Release|Any CPU
		{4D6FDCB6-B388-42D8-938A-218A1ED2F1CE}.Debug|Any CPU.ActiveCfg = Debug|Any CPU
		{4D6FDCB6-B388-42D8-938A-218A1ED2F1CE}.Debug|Any CPU.Build.0 = Debug|Any CPU
		{4D6FDCB6-B388-42D8-938A-218A1ED2F1CE}.Release|Any CPU.ActiveCfg = Release|Any CPU
		{4D6FDCB6-B388-42D8-938A-218A1ED2F1CE}.Release|Any CPU.Build.0 = Release|Any CPU
		{BC124129-A563-46D2-B9F3-0464BEB02D55}.Debug|Any CPU.ActiveCfg = Debug|Any CPU
		{BC124129-A563-46D2-B9F3-0464BEB02D55}.Debug|Any CPU.Build.0 = Debug|Any CPU
		{BC124129-A563-46D2-B9F3-0464BEB02D55}.Release|Any CPU.ActiveCfg = Release|Any CPU
		{BC124129-A563-46D2-B9F3-0464BEB02D55}.Release|Any CPU.Build.0 = Release|Any CPU
		{AD95BF7D-CF33-438D-BEC9-6E3AD1C9AA9B}.Debug|Any CPU.ActiveCfg = Debug|Any CPU
		{AD95BF7D-CF33-438D-BEC9-6E3AD1C9AA9B}.Debug|Any CPU.Build.0 = Debug|Any CPU
		{AD95BF7D-CF33-438D-BEC9-6E3AD1C9AA9B}.Release|Any CPU.ActiveCfg = Release|Any CPU
		{AD95BF7D-CF33-438D-BEC9-6E3AD1C9AA9B}.Release|Any CPU.Build.0 = Release|Any CPU
		{C4F1213B-E66E-4564-BF8F-57596A01ABC8}.Debug|Any CPU.ActiveCfg = Debug|Any CPU
		{C4F1213B-E66E-4564-BF8F-57596A01ABC8}.Debug|Any CPU.Build.0 = Debug|Any CPU
		{C4F1213B-E66E-4564-BF8F-57596A01ABC8}.Release|Any CPU.ActiveCfg = Release|Any CPU
		{C4F1213B-E66E-4564-BF8F-57596A01ABC8}.Release|Any CPU.Build.0 = Release|Any CPU
	EndGlobalSection
	GlobalSection(SolutionProperties) = preSolution
		HideSolutionNode = FALSE
	EndGlobalSection
	GlobalSection(NestedProjects) = preSolution
		{75A81747-2347-4239-8A64-44CBDFEA74CF} = {E0392C5C-5F47-4F03-8A94-CE461D4F1A38}
		{5EA313FE-E00F-4283-833A-39237B538431} = {E0392C5C-5F47-4F03-8A94-CE461D4F1A38}
		{4D6FDCB6-B388-42D8-938A-218A1ED2F1CE} = {35922E21-14FF-493C-ACA6-9E6BB667F8E6}
		{BC124129-A563-46D2-B9F3-0464BEB02D55} = {35922E21-14FF-493C-ACA6-9E6BB667F8E6}
		{AD95BF7D-CF33-438D-BEC9-6E3AD1C9AA9B} = {35922E21-14FF-493C-ACA6-9E6BB667F8E6}
		{C4F1213B-E66E-4564-BF8F-57596A01ABC8} = {36DFDF99-8E02-45C6-8AB4-7C36A93972AC}
	EndGlobalSection
	GlobalSection(ExtensibilityGlobals) = postSolution
		SolutionGuid = {593AF392-1DBF-4C29-8F05-03E8E682D301}
	EndGlobalSection
EndGlobal
